
Microsoft Visual Studio Solution File, Format Version 12.00
# Visual Studio Version 17
VisualStudioVersion = 17.12.35527.113
MinimumVisualStudioVersion = 10.0.40219.1
Project("{FAE04EC0-301F-11D3-BF4B-00C04F79EFBC}") = "TodoApi", "TodoApi\TodoApi.csproj", "{ACBE5D4C-B39C-4A4A-A356-B9905A51FD0E}"
EndProject
Project("{FAE04EC0-301F-11D3-BF4B-00C04F79EFBC}") = "TodoApi.Tests", "TodoApi.Tests\TodoApi.Tests.csproj", "{83047D39-97CB-4172-A524-AB8BB980EB07}"
EndProject
Project("{2150E333-8FDC-42A3-9474-1A3956D46DE8}") = "Solution Items", "Solution Items", "{B8B058C4-FD82-460F-950B-733A0F113551}"
	ProjectSection(SolutionItems) = preProject
		docker-compose.prod.yml = docker-compose.prod.yml
		docker-compose.yml = docker-compose.yml
		README.md = README.md
		Dockerfile.prod = Dockerfile.prod
	EndProjectSection
EndProject
Global
	GlobalSection(SolutionConfigurationPlatforms) = preSolution
		Debug|Any CPU = Debug|Any CPU
		Release|Any CPU = Release|Any CPU
	EndGlobalSection
	GlobalSection(ProjectConfigurationPlatforms) = postSolution
		{ACBE5D4C-B39C-4A4A-A356-B9905A51FD0E}.Debug|Any CPU.ActiveCfg = Debug|Any CPU
		{ACBE5D4C-B39C-4A4A-A356-B9905A51FD0E}.Debug|Any CPU.Build.0 = Debug|Any CPU
		{ACBE5D4C-B39C-4A4A-A356-B9905A51FD0E}.Release|Any CPU.ActiveCfg = Release|Any CPU
		{ACBE5D4C-B39C-4A4A-A356-B9905A51FD0E}.Release|Any CPU.Build.0 = Release|Any CPU
		{83047D39-97CB-4172-A524-AB8BB980EB07}.Debug|Any CPU.ActiveCfg = Debug|Any CPU
		{83047D39-97CB-4172-A524-AB8BB980EB07}.Debug|Any CPU.Build.0 = Debug|Any CPU
		{83047D39-97CB-4172-A524-AB8BB980EB07}.Release|Any CPU.ActiveCfg = Release|Any CPU
		{83047D39-97CB-4172-A524-AB8BB980EB07}.Release|Any CPU.Build.0 = Release|Any CPU
	EndGlobalSection
	GlobalSection(SolutionProperties) = preSolution
		HideSolutionNode = FALSE
	EndGlobalSection
EndGlobal
